# THIS IS AN AUTOGENERATED FILE. DO NOT EDIT THIS FILE DIRECTLY.
# yarn lockfile v1


netlify-identity-widget@^1.5.2:
  version "1.5.2"
  resolved "https://registry.yarnpkg.com/netlify-identity-widget/-/netlify-identity-widget-1.5.2.tgz#c3bc18e275ebb4e8030bba31dfc38c9f2a540346"
  integrity sha512-A1Pwnk+Bun+Xb0hO8w9g8plrhJah3jNomqWLFnd6GvGQ4jfhUS5jCzh/Cn6uHhuGNnriSUV0lFCKb3VJBsiZeQ==
